<?xml version="1.0" encoding="utf-8"?>
<Project ToolsVersion="4.0" xmlns="http://schemas.microsoft.com/developer/msbuild/2003">
  <ItemGroup>
    <ClCompile Include="Engine\Enemy.cpp" />
    <ClCompile Include="Engine\Entity.cpp" />
    <ClCompile Include="Engine\Fight_map.cpp" />
    <ClCompile Include="Engine\Hero.cpp" />
    <ClCompile Include="Engine\Level.cpp" />
    <ClCompile Include="Engine\Main.cpp" />
    <ClCompile Include="Engine\Map.cpp" />
    <ClCompile Include="Engine\Tiles.cpp" />
    <ClCompile Include="Engine\tinyxml2.cpp" />
    <ClCompile Include="Engine\Window.cpp" />
  </ItemGroup>
  <ItemGroup>
    <ClInclude Include="Headers\Enemy.h" />
    <ClInclude Include="Headers\Entity.h" />
    <ClInclude Include="Headers\Includes.h" />
    <ClInclude Include="Headers\Fight_map.h" />
    <ClInclude Include="Headers\Hero.h" />
    <ClInclude Include="Headers\Level.h" />
    <ClInclude Include="Headers\Map.h" />
    <ClInclude Include="Headers\resource.h" />
    <ClInclude Include="Headers\Tiles.h" />
    <ClInclude Include="Headers\tinyxml2.h" />
    <ClInclude Include="Headers\Window.h" />
  </ItemGroup>
  <ItemGroup>
    <Image Include="resources\ground.jpg" />
    <Image Include="resources\knight.png" />
    <Image Include="resources\texture.jpg" />
    <Image Include="resources\tile_set.jpg" />
    <Image Include="resources\tile_set_fight.jpg" />
  </ItemGroup>
  <ItemGroup>
    <None Include="resources\Fight_map.tmx" />
    <None Include="resources\map.tmx" />
  </ItemGroup>
</Project>